
Microsoft Visual Studio Solution File, Format Version 12.00
# Visual Studio Version 16
VisualStudioVersion = 16.0.30204.135
MinimumVisualStudioVersion = 10.0.40219.1
Project("{FAE04EC0-301F-11D3-BF4B-00C04F79EFBC}") = "DependencyInjectionMultipleImplementationsCore", "DependencyInjectionMultipleImplementationsCore\DependencyInjectionMultipleImplementationsCore.csproj", "{AA0AFF1E-D036-48B0-8BC6-3A43FBC3B66D}"
EndProject
Global
	GlobalSection(SolutionConfigurationPlatforms) = preSolution
		Debug|Any CPU = Debug|Any CPU
		Release|Any CPU = Release|Any CPU
	EndGlobalSection
	GlobalSection(ProjectConfigurationPlatforms) = postSolution
		{AA0AFF1E-D036-48B0-8BC6-3A43FBC3B66D}.Debug|Any CPU.ActiveCfg = Debug|Any CPU
		{AA0AFF1E-D036-48B0-8BC6-3A43FBC3B66D}.Debug|Any CPU.Build.0 = Debug|Any CPU
		{AA0AFF1E-D036-48B0-8BC6-3A43FBC3B66D}.Release|Any CPU.ActiveCfg = Release|Any CPU
		{AA0AFF1E-D036-48B0-8BC6-3A43FBC3B66D}.Release|Any CPU.Build.0 = Release|Any CPU
	EndGlobalSection
	GlobalSection(SolutionProperties) = preSolution
		HideSolutionNode = FALSE
	EndGlobalSection
	GlobalSection(ExtensibilityGlobals) = postSolution
		SolutionGuid = {8F45B30B-DED6-4E61-8447-FD2D67C5DB14}
	EndGlobalSection
EndGlobal
